// !$*UTF8*$!
{
	archiveVersion = 1;
	classes = {
	};
	objectVersion = 56;
	objects = {

/* Begin PBXBuildFile section */
		0060E523835F69E77DC40F8D /* HypotheticalAnalyzer.swift in Sources */ = {isa = PBXBuildFile; fileRef = 6F4FE314B120E4916E4FEA7A /* HypotheticalAnalyzer.swift */; };
		050AE07D9F0290A9C9B59841 /* CommitmentTracker.swift in Sources */ = {isa = PBXBuildFile; fileRef = 408098289A40C753C412475A /* CommitmentTracker.swift */; };
		0ACC5F34C57FEAFED5D7DF30 /* DecisionArchaeologist.swift in Sources */ = {isa = PBXBuildFile; fileRef = 747630C04E4FCF77DDE62867 /* DecisionArchaeologist.swift */; };
		1154255057D856054D457D57 /* ImageGenerationUnified.swift in Sources */ = {isa = PBXBuildFile; fileRef = D7B7B96F86F1ADEC6BEC7ABC /* ImageGenerationUnified.swift */; };
		12DE38BA3A71B50A678A12B3 /* PersonaChat.swift in Sources */ = {isa = PBXBuildFile; fileRef = B6531667EE7C788EA76F5A0F /* PersonaChat.swift */; };
		21C49790555A4EC12B1343FD /* VoiceConversation.swift in Sources */ = {isa = PBXBuildFile; fileRef = 6CEE96C78F48CEB6C7304C75 /* VoiceConversation.swift */; };
		29A4A2C7786A5F418C391848 /* RelationshipMapper.swift in Sources */ = {isa = PBXBuildFile; fileRef = D5B3C2D9205F703C1F972B28 /* RelationshipMapper.swift */; };
		35623238323635642D613432662D343039662D623365342D /* OllamaClient.swift in Sources */ = {isa = PBXBuildFile; fileRef = 38316534653438322D383937622D343030322D626162642D /* OllamaClient.swift */; };
		36336134366232392D636337322D343030352D616562332D /* AIBackendManager.swift in Sources */ = {isa = PBXBuildFile; fileRef = 36613561333466622D393563312D343432662D626339392D /* AIBackendManager.swift */; };
		3D6775E92896C02CF56EEFC2 /* SmartForwarder.swift in Sources */ = {isa = PBXBuildFile; fileRef = 73151335A5C4EA6609FAC1C8 /* SmartForwarder.swift */; };
		3E4788AFC7EA7101FEC886D5 /* ConversationManager.swift in Sources */ = {isa = PBXBuildFile; fileRef = D01A68F1AFCB3C03DB4465E1 /* ConversationManager.swift */; };
		3F172172EF7831896FC85D57 /* SecurityUnified.swift in Sources */ = {isa = PBXBuildFile; fileRef = 569BF452BCAD60FF219195F5 /* SecurityUnified.swift */; };
		61396430326536392D316239382D346637352D386133342D /* AISettingsView.swift in Sources */ = {isa = PBXBuildFile; fileRef = 31636134343139632D346639332D346239352D613261612D /* AISettingsView.swift */; };
		614E01BD25B3A78A49DAF070 /* UnifiedAICapabilities.swift in Sources */ = {isa = PBXBuildFile; fileRef = C694C61F87B9BA4073BA75EA /* UnifiedAICapabilities.swift */; };
		6410B4804DC11F1C4E12AF26 /* LocalLLM.swift in Sources */ = {isa = PBXBuildFile; fileRef = 2610D3EFB2D5D23FD826606E /* LocalLLM.swift */; };
		7EC7E7955FB707BAE5BA53F9 /* EmailSummarizer.swift in Sources */ = {isa = PBXBuildFile; fileRef = 4CD59F1BF5CEC75B95A34CBD /* EmailSummarizer.swift */; };
		8238508A80546774B50AD050 /* ConversationView.swift in Sources */ = {isa = PBXBuildFile; fileRef = 33C069D93706A1E5E158C2D2 /* ConversationView.swift */; };
		848B971FABD30CB498F9655A /* SmartSuggestions.swift in Sources */ = {isa = PBXBuildFile; fileRef = 3B07F30ECCC00A122F53B06D /* SmartSuggestions.swift */; };
		8FBC74D4C0911513AFD780F6 /* ConversationModels.swift in Sources */ = {isa = PBXBuildFile; fileRef = D25730EB8C5F369113033564 /* ConversationModels.swift */; };
		9D789864CBC22747C3237435 /* ConversationDatabase.swift in Sources */ = {isa = PBXBuildFile; fileRef = 3CFA614AC3BD8853D16DB6E9 /* ConversationDatabase.swift */; };
		9D912BB0388A479C026C1802 /* VoiceUnified.swift in Sources */ = {isa = PBXBuildFile; fileRef = C05E899E2E16AF86CE1182DC /* VoiceUnified.swift */; };
		A8C1E5AF5E6FB76BE85A6A79 /* TimeTravelEngine.swift in Sources */ = {isa = PBXBuildFile; fileRef = 32B46A71F0106A905F6218BA /* TimeTravelEngine.swift */; };
		A9149DF9944F63BE246AB2EF /* EmailSearchAgent.swift in Sources */ = {isa = PBXBuildFile; fileRef = 25ACFE0E46E831D381EB3E35 /* EmailSearchAgent.swift */; };
		BA654320B8AE457B9A856B6A /* NetworkVisualizationView.swift in Sources */ = {isa = PBXBuildFile; fileRef = 87A17940EE91B4170B99259A /* NetworkVisualizationView.swift */; };
		BD768E39B961495776874418 /* ModernDesign.swift in Sources */ = {isa = PBXBuildFile; fileRef = MD29EAC0C1C9846AF64C0DB3 /* ModernDesign.swift */; };
		BF708C1D81193E80840A69AA /* AnalysisUnified.swift in Sources */ = {isa = PBXBuildFile; fileRef = 44FADA0642D6D75AFE52040D /* AnalysisUnified.swift */; };
		C00B2C0479D170F97A8D05F4 /* AutoTagger.swift in Sources */ = {isa = PBXBuildFile; fileRef = 9A989BC566E5181DAB386111 /* AutoTagger.swift */; };
		C4118143D5658F992FCC5096 /* DailyBriefingEngine.swift in Sources */ = {isa = PBXBuildFile; fileRef = 6BAFBA37ED985C5CC8BF5BB8 /* DailyBriefingEngine.swift */; };
		D004E8BD2EB1AA8900304FC0 /* AlertManager.swift in Sources */ = {isa = PBXBuildFile; fileRef = D004E8BC2EB1AA8900304FC0 /* AlertManager.swift */; };
		D004E8C02EB1AAD300304FC0 /* ErrorDetailsView.swift in Sources */ = {isa = PBXBuildFile; fileRef = D004E8BE2EB1AAD300304FC0 /* ErrorDetailsView.swift */; };
		D004E8C12EB1AAD300304FC0 /* ExportPreviewView.swift in Sources */ = {isa = PBXBuildFile; fileRef = D004E8BF2EB1AAD300304FC0 /* ExportPreviewView.swift */; };
		D004E8C32EB1AE3C00304FC0 /* SmartFiltersView.swift in Sources */ = {isa = PBXBuildFile; fileRef = D004E8C22EB1AE3C00304FC0 /* SmartFiltersView.swift */; };
		D004E8C52EB1AE5100304FC0 /* SmartFilters.swift in Sources */ = {isa = PBXBuildFile; fileRef = D004E8C42EB1AE5100304FC0 /* SmartFilters.swift */; };
		D004E8C92EB1B4CC00304FC0 /* CSVExporter.swift in Sources */ = {isa = PBXBuildFile; fileRef = D004E8C62EB1B4CC00304FC0 /* CSVExporter.swift */; };
		D004E8CA2EB1B4CC00304FC0 /* JSONExporter.swift in Sources */ = {isa = PBXBuildFile; fileRef = D004E8C72EB1B4CC00304FC0 /* JSONExporter.swift */; };
		D004E8CB2EB1B4CC00304FC0 /* MarkdownExporter.swift in Sources */ = {isa = PBXBuildFile; fileRef = D004E8C82EB1B4CC00304FC0 /* MarkdownExporter.swift */; };
		D004E8CD2EB1B4E200304FC0 /* WindowStateManager.swift in Sources */ = {isa = PBXBuildFile; fileRef = D004E8CC2EB1B4E200304FC0 /* WindowStateManager.swift */; };
		D07875622EB1B9FB00C75A43 /* KeyboardNavigationModifier.swift in Sources */ = {isa = PBXBuildFile; fileRef = D07875602EB1B9FB00C75A43 /* KeyboardNavigationModifier.swift */; };
		D07875632EB1B9FB00C75A43 /* AttachmentsView.swift in Sources */ = {isa = PBXBuildFile; fileRef = D078755E2EB1B9FB00C75A43 /* AttachmentsView.swift */; };
		D07875642EB1B9FB00C75A43 /* SavedSearchesView.swift in Sources */ = {isa = PBXBuildFile; fileRef = D07875612EB1B9FB00C75A43 /* SavedSearchesView.swift */; };
		D07875652EB1B9FB00C75A43 /* DuplicatesView.swift in Sources */ = {isa = PBXBuildFile; fileRef = D078755F2EB1B9FB00C75A43 /* DuplicatesView.swift */; };
		D07875672EB1BA0F00C75A43 /* AttachmentManager.swift in Sources */ = {isa = PBXBuildFile; fileRef = D07875662EB1BA0F00C75A43 /* AttachmentManager.swift */; };
		D07875692EB1BA1900C75A43 /* SearchHistoryManager.swift in Sources */ = {isa = PBXBuildFile; fileRef = D07875682EB1BA1900C75A43 /* SearchHistoryManager.swift */; };
		D078756D2EB1C17800C75A43 /* AnalyticsView.swift in Sources */ = {isa = PBXBuildFile; fileRef = D078756A2EB1C17800C75A43 /* AnalyticsView.swift */; };
		D078756E2EB1C17800C75A43 /* QuickOpenView.swift in Sources */ = {isa = PBXBuildFile; fileRef = D078756C2EB1C17800C75A43 /* QuickOpenView.swift */; };
		D078756F2EB1C17800C75A43 /* MboxOperationsView.swift in Sources */ = {isa = PBXBuildFile; fileRef = D078756B2EB1C17800C75A43 /* MboxOperationsView.swift */; };
		D07875722EB1C18D00C75A43 /* AnalyticsEngine.swift in Sources */ = {isa = PBXBuildFile; fileRef = D07875702EB1C18D00C75A43 /* AnalyticsEngine.swift */; };
		D07875732EB1C18D00C75A43 /* ExportPresetManager.swift in Sources */ = {isa = PBXBuildFile; fileRef = D07875712EB1C18D00C75A43 /* ExportPresetManager.swift */; };
		D07875762EB1C19C00C75A43 /* TextHighlighter.swift in Sources */ = {isa = PBXBuildFile; fileRef = D07875752EB1C19C00C75A43 /* TextHighlighter.swift */; };
		D07875772EB1C19C00C75A43 /* MboxFileOperations.swift in Sources */ = {isa = PBXBuildFile; fileRef = D07875742EB1C19C00C75A43 /* MboxFileOperations.swift */; };
		D078757A2EB1C2F500C75A43 /* EmailComparisonView.swift in Sources */ = {isa = PBXBuildFile; fileRef = D07875782EB1C2F500C75A43 /* EmailComparisonView.swift */; };
		D078757B2EB1C2F500C75A43 /* ExportPresetsView.swift in Sources */ = {isa = PBXBuildFile; fileRef = D07875792EB1C2F500C75A43 /* ExportPresetsView.swift */; };
		D078757D2EB1C32500C75A43 /* RegexSearchView.swift in Sources */ = {isa = PBXBuildFile; fileRef = D078757C2EB1C32500C75A43 /* RegexSearchView.swift */; };
		D078757F2EB1C3DE00C75A43 /* RedactionToolView.swift in Sources */ = {isa = PBXBuildFile; fileRef = D078757E2EB1C3DE00C75A43 /* RedactionToolView.swift */; };
		D07875812EB1C45300C75A43 /* ThemeSettingsView.swift in Sources */ = {isa = PBXBuildFile; fileRef = D07875802EB1C45300C75A43 /* ThemeSettingsView.swift */; };
		D07875832EB1C4AE00C75A43 /* DragDropModifier.swift in Sources */ = {isa = PBXBuildFile; fileRef = D07875822EB1C4AE00C75A43 /* DragDropModifier.swift */; };
		D07875862EB1C4C100C75A43 /* PIIRedactor.swift in Sources */ = {isa = PBXBuildFile; fileRef = D07875842EB1C4C100C75A43 /* PIIRedactor.swift */; };
		D07875872EB1C4C100C75A43 /* ThemeManager.swift in Sources */ = {isa = PBXBuildFile; fileRef = D07875852EB1C4C100C75A43 /* ThemeManager.swift */; };
		D07875892EB1C54C00C75A43 /* ThreeColumnLayoutView.swift in Sources */ = {isa = PBXBuildFile; fileRef = D07875882EB1C54C00C75A43 /* ThreeColumnLayoutView.swift */; };
		D14768EF35BF6A052A83352A /* PatternDetector.swift in Sources */ = {isa = PBXBuildFile; fileRef = 577366331045422A9C7E3502 /* PatternDetector.swift */; };
		D8904F77CE2555AEAAD0E03C /* AskView.swift in Sources */ = {isa = PBXBuildFile; fileRef = 1DA6206E86CAEFE924E9D19C /* AskView.swift */; };
		DE6CF6C10136C8796C843526 /* DraftGenerator.swift in Sources */ = {isa = PBXBuildFile; fileRef = 7C416248D332727979824ABF /* DraftGenerator.swift */; };
		E4A2C652D0EE51C645582730 /* SentimentAnalyzer.swift in Sources */ = {isa = PBXBuildFile; fileRef = 7A626555D09AC8D8B0588A12 /* SentimentAnalyzer.swift */; };
		F9C2F929F356DB18CE9FBA36 /* VectorDatabase.swift in Sources */ = {isa = PBXBuildFile; fileRef = 3533E5F905952EC4B14E8BD9 /* VectorDatabase.swift */; };
		MB0000010000000000000001 /* MBox_ExplorerApp.swift in Sources */ = {isa = PBXBuildFile; fileRef = MB0000020000000000000001 /* MBox_ExplorerApp.swift */; };
		MB0000030000000000000001 /* ContentView.swift in Sources */ = {isa = PBXBuildFile; fileRef = MB0000040000000000000001 /* ContentView.swift */; };
		MB0000050000000000000001 /* SidebarView.swift in Sources */ = {isa = PBXBuildFile; fileRef = MB0000060000000000000001 /* SidebarView.swift */; };
		MB0000070000000000000001 /* EmailListView.swift in Sources */ = {isa = PBXBuildFile; fileRef = MB0000080000000000000001 /* EmailListView.swift */; };
		MB0000090000000000000001 /* EmailDetailView.swift in Sources */ = {isa = PBXBuildFile; fileRef = MB0000100000000000000001 /* EmailDetailView.swift */; };
		MB0000110000000000000001 /* ExportOptionsView.swift in Sources */ = {isa = PBXBuildFile; fileRef = MB0000120000000000000001 /* ExportOptionsView.swift */; };
		MB0000130000000000000001 /* ToolbarCommands.swift in Sources */ = {isa = PBXBuildFile; fileRef = MB0000140000000000000001 /* ToolbarCommands.swift */; };
		MB0000150000000000000001 /* Email.swift in Sources */ = {isa = PBXBuildFile; fileRef = MB0000160000000000000001 /* Email.swift */; };
		MB0000170000000000000001 /* MboxParser.swift in Sources */ = {isa = PBXBuildFile; fileRef = MB0000180000000000000001 /* MboxParser.swift */; };
		MB0000190000000000000001 /* MboxViewModel.swift in Sources */ = {isa = PBXBuildFile; fileRef = MB0000200000000000000001 /* MboxViewModel.swift */; };
		MB0000210000000000000001 /* TextProcessor.swift in Sources */ = {isa = PBXBuildFile; fileRef = MB0000220000000000000001 /* TextProcessor.swift */; };
		MB0000230000000000000001 /* ExportEngine.swift in Sources */ = {isa = PBXBuildFile; fileRef = MB0000240000000000000001 /* ExportEngine.swift */; };
		MB0000250000000000000001 /* Assets.xcassets in Resources */ = {isa = PBXBuildFile; fileRef = MB0000260000000000000001 /* Assets.xcassets */; };
		MB0000470000000000000001 /* RecentFilesManager.swift in Sources */ = {isa = PBXBuildFile; fileRef = MB0000480000000000000001 /* RecentFilesManager.swift */; };
		MB0000490000000000000001 /* ProgressView.swift in Sources */ = {isa = PBXBuildFile; fileRef = MB0000500000000000000001 /* ProgressView.swift */; };
/* End PBXBuildFile section */

/* Begin PBXFileReference section */
		1DA6206E86CAEFE924E9D19C /* AskView.swift */ = {isa = PBXFileReference; includeInIndex = 1; lastKnownFileType = sourcecode.swift; path = AskView.swift; sourceTree = "<group>"; };
		25ACFE0E46E831D381EB3E35 /* EmailSearchAgent.swift */ = {isa = PBXFileReference; includeInIndex = 1; lastKnownFileType = sourcecode.swift; name = EmailSearchAgent.swift; path = "AI/Integration/EmailSearchAgent.swift"; sourceTree = "<group>"; };
		2610D3EFB2D5D23FD826606E /* LocalLLM.swift */ = {isa = PBXFileReference; includeInIndex = 1; lastKnownFileType = sourcecode.swift; path = AI/LocalLLM.swift; sourceTree = "<group>"; };
		31636134343139632D346639332D346239352D613261612D /* AISettingsView.swift */ = {isa = PBXFileReference; includeInIndex = 1; lastKnownFileType = sourcecode.swift; path = AISettingsView.swift; sourceTree = "<group>"; };
		32B46A71F0106A905F6218BA /* TimeTravelEngine.swift */ = {isa = PBXFileReference; includeInIndex = 1; lastKnownFileType = sourcecode.swift; name = TimeTravelEngine.swift; path = "AI/Advanced/TimeTravelEngine.swift"; sourceTree = "<group>"; };
		33C069D93706A1E5E158C2D2 /* ConversationView.swift */ = {isa = PBXFileReference; includeInIndex = 1; lastKnownFileType = sourcecode.swift; name = ConversationView.swift; path = "Views/ConversationView.swift"; sourceTree = "<group>"; };
		3533E5F905952EC4B14E8BD9 /* VectorDatabase.swift */ = {isa = PBXFileReference; includeInIndex = 1; lastKnownFileType = sourcecode.swift; path = AI/VectorDatabase.swift; sourceTree = "<group>"; };
		36613561333466622D393563312D343432662D626339392D /* AIBackendManager.swift */ = {isa = PBXFileReference; lastKnownFileType = sourcecode.swift; path = AI/AIBackendManager.swift; sourceTree = "<group>"; };
		38316534653438322D383937622D343030322D626162642D /* OllamaClient.swift */ = {isa = PBXFileReference; includeInIndex = 1; lastKnownFileType = sourcecode.swift; path = AI/OllamaClient.swift; sourceTree = "<group>"; };
		3B07F30ECCC00A122F53B06D /* SmartSuggestions.swift */ = {isa = PBXFileReference; includeInIndex = 1; lastKnownFileType = sourcecode.swift; name = SmartSuggestions.swift; path = "AI/Intelligence/SmartSuggestions.swift"; sourceTree = "<group>"; };
		3CFA614AC3BD8853D16DB6E9 /* ConversationDatabase.swift */ = {isa = PBXFileReference; includeInIndex = 1; lastKnownFileType = sourcecode.swift; name = ConversationDatabase.swift; path = "AI/Conversation/ConversationDatabase.swift"; sourceTree = "<group>"; };
		408098289A40C753C412475A /* CommitmentTracker.swift */ = {isa = PBXFileReference; includeInIndex = 1; lastKnownFileType = sourcecode.swift; name = CommitmentTracker.swift; path = "AI/Analysis/CommitmentTracker.swift"; sourceTree = "<group>"; };
		44FADA0642D6D75AFE52040D /* AnalysisUnified.swift */ = {isa = PBXFileReference; includeInIndex = 1; lastKnownFileType = sourcecode.swift; name = AnalysisUnified.swift; path = AICapabilities/AnalysisUnified.swift; sourceTree = "<group>"; };
		4CD59F1BF5CEC75B95A34CBD /* EmailSummarizer.swift */ = {isa = PBXFileReference; includeInIndex = 1; lastKnownFileType = sourcecode.swift; path = AI/EmailSummarizer.swift; sourceTree = "<group>"; };
		569BF452BCAD60FF219195F5 /* SecurityUnified.swift */ = {isa = PBXFileReference; includeInIndex = 1; lastKnownFileType = sourcecode.swift; name = SecurityUnified.swift; path = AICapabilities/SecurityUnified.swift; sourceTree = "<group>"; };
		577366331045422A9C7E3502 /* PatternDetector.swift */ = {isa = PBXFileReference; includeInIndex = 1; lastKnownFileType = sourcecode.swift; name = PatternDetector.swift; path = "AI/Intelligence/PatternDetector.swift"; sourceTree = "<group>"; };
		6BAFBA37ED985C5CC8BF5BB8 /* DailyBriefingEngine.swift */ = {isa = PBXFileReference; includeInIndex = 1; lastKnownFileType = sourcecode.swift; name = DailyBriefingEngine.swift; path = "AI/Intelligence/DailyBriefingEngine.swift"; sourceTree = "<group>"; };
		6CEE96C78F48CEB6C7304C75 /* VoiceConversation.swift */ = {isa = PBXFileReference; includeInIndex = 1; lastKnownFileType = sourcecode.swift; name = VoiceConversation.swift; path = "AI/Advanced/VoiceConversation.swift"; sourceTree = "<group>"; };
		6F4FE314B120E4916E4FEA7A /* HypotheticalAnalyzer.swift */ = {isa = PBXFileReference; includeInIndex = 1; lastKnownFileType = sourcecode.swift; name = HypotheticalAnalyzer.swift; path = "AI/Advanced/HypotheticalAnalyzer.swift"; sourceTree = "<group>"; };
		73151335A5C4EA6609FAC1C8 /* SmartForwarder.swift */ = {isa = PBXFileReference; includeInIndex = 1; lastKnownFileType = sourcecode.swift; name = SmartForwarder.swift; path = "AI/Integration/SmartForwarder.swift"; sourceTree = "<group>"; };
		747630C04E4FCF77DDE62867 /* DecisionArchaeologist.swift */ = {isa = PBXFileReference; includeInIndex = 1; lastKnownFileType = sourcecode.swift; name = DecisionArchaeologist.swift; path = "AI/Analysis/DecisionArchaeologist.swift"; sourceTree = "<group>"; };
		7A626555D09AC8D8B0588A12 /* SentimentAnalyzer.swift */ = {isa = PBXFileReference; includeInIndex = 1; lastKnownFileType = sourcecode.swift; name = SentimentAnalyzer.swift; path = "AI/Analysis/SentimentAnalyzer.swift"; sourceTree = "<group>"; };
		7C416248D332727979824ABF /* DraftGenerator.swift */ = {isa = PBXFileReference; includeInIndex = 1; lastKnownFileType = sourcecode.swift; name = DraftGenerator.swift; path = "AI/Integration/DraftGenerator.swift"; sourceTree = "<group>"; };
		87A17940EE91B4170B99259A /* NetworkVisualizationView.swift */ = {isa = PBXFileReference; includeInIndex = 1; lastKnownFileType = sourcecode.swift; path = NetworkVisualizationView.swift; sourceTree = "<group>"; };
		9A989BC566E5181DAB386111 /* AutoTagger.swift */ = {isa = PBXFileReference; includeInIndex = 1; lastKnownFileType = sourcecode.swift; path = AI/AutoTagger.swift; sourceTree = "<group>"; };
		B6531667EE7C788EA76F5A0F /* PersonaChat.swift */ = {isa = PBXFileReference; includeInIndex = 1; lastKnownFileType = sourcecode.swift; name = PersonaChat.swift; path = "AI/Advanced/PersonaChat.swift"; sourceTree = "<group>"; };
		C05E899E2E16AF86CE1182DC /* VoiceUnified.swift */ = {isa = PBXFileReference; includeInIndex = 1; lastKnownFileType = sourcecode.swift; name = VoiceUnified.swift; path = AICapabilities/VoiceUnified.swift; sourceTree = "<group>"; };
		C694C61F87B9BA4073BA75EA /* UnifiedAICapabilities.swift */ = {isa = PBXFileReference; includeInIndex = 1; lastKnownFileType = sourcecode.swift; name = UnifiedAICapabilities.swift; path = AICapabilities/UnifiedAICapabilities.swift; sourceTree = "<group>"; };
		D004E8BC2EB1AA8900304FC0 /* AlertManager.swift */ = {isa = PBXFileReference; lastKnownFileType = sourcecode.swift; path = AlertManager.swift; sourceTree = "<group>"; };
		D004E8BE2EB1AAD300304FC0 /* ErrorDetailsView.swift */ = {isa = PBXFileReference; lastKnownFileType = sourcecode.swift; path = ErrorDetailsView.swift; sourceTree = "<group>"; };
		D004E8BF2EB1AAD300304FC0 /* ExportPreviewView.swift */ = {isa = PBXFileReference; lastKnownFileType = sourcecode.swift; path = ExportPreviewView.swift; sourceTree = "<group>"; };
		D004E8C22EB1AE3C00304FC0 /* SmartFiltersView.swift */ = {isa = PBXFileReference; lastKnownFileType = sourcecode.swift; path = SmartFiltersView.swift; sourceTree = "<group>"; };
		D004E8C42EB1AE5100304FC0 /* SmartFilters.swift */ = {isa = PBXFileReference; lastKnownFileType = sourcecode.swift; path = SmartFilters.swift; sourceTree = "<group>"; };
		D004E8C62EB1B4CC00304FC0 /* CSVExporter.swift */ = {isa = PBXFileReference; lastKnownFileType = sourcecode.swift; path = CSVExporter.swift; sourceTree = "<group>"; };
		D004E8C72EB1B4CC00304FC0 /* JSONExporter.swift */ = {isa = PBXFileReference; lastKnownFileType = sourcecode.swift; path = JSONExporter.swift; sourceTree = "<group>"; };
		D004E8C82EB1B4CC00304FC0 /* MarkdownExporter.swift */ = {isa = PBXFileReference; lastKnownFileType = sourcecode.swift; path = MarkdownExporter.swift; sourceTree = "<group>"; };
		D004E8CC2EB1B4E200304FC0 /* WindowStateManager.swift */ = {isa = PBXFileReference; lastKnownFileType = sourcecode.swift; path = WindowStateManager.swift; sourceTree = "<group>"; };
		D01A68F1AFCB3C03DB4465E1 /* ConversationManager.swift */ = {isa = PBXFileReference; includeInIndex = 1; lastKnownFileType = sourcecode.swift; name = ConversationManager.swift; path = "AI/Conversation/ConversationManager.swift"; sourceTree = "<group>"; };
		D078755E2EB1B9FB00C75A43 /* AttachmentsView.swift */ = {isa = PBXFileReference; lastKnownFileType = sourcecode.swift; path = AttachmentsView.swift; sourceTree = "<group>"; };
		D078755F2EB1B9FB00C75A43 /* DuplicatesView.swift */ = {isa = PBXFileReference; lastKnownFileType = sourcecode.swift; path = DuplicatesView.swift; sourceTree = "<group>"; };
		D07875602EB1B9FB00C75A43 /* KeyboardNavigationModifier.swift */ = {isa = PBXFileReference; lastKnownFileType = sourcecode.swift; path = KeyboardNavigationModifier.swift; sourceTree = "<group>"; };
		D07875612EB1B9FB00C75A43 /* SavedSearchesView.swift */ = {isa = PBXFileReference; lastKnownFileType = sourcecode.swift; path = SavedSearchesView.swift; sourceTree = "<group>"; };
		D07875662EB1BA0F00C75A43 /* AttachmentManager.swift */ = {isa = PBXFileReference; lastKnownFileType = sourcecode.swift; path = AttachmentManager.swift; sourceTree = "<group>"; };
		D07875682EB1BA1900C75A43 /* SearchHistoryManager.swift */ = {isa = PBXFileReference; lastKnownFileType = sourcecode.swift; path = SearchHistoryManager.swift; sourceTree = "<group>"; };
		D078756A2EB1C17800C75A43 /* AnalyticsView.swift */ = {isa = PBXFileReference; lastKnownFileType = sourcecode.swift; path = AnalyticsView.swift; sourceTree = "<group>"; };
		D078756B2EB1C17800C75A43 /* MboxOperationsView.swift */ = {isa = PBXFileReference; lastKnownFileType = sourcecode.swift; path = MboxOperationsView.swift; sourceTree = "<group>"; };
		D078756C2EB1C17800C75A43 /* QuickOpenView.swift */ = {isa = PBXFileReference; lastKnownFileType = sourcecode.swift; path = QuickOpenView.swift; sourceTree = "<group>"; };
		D07875702EB1C18D00C75A43 /* AnalyticsEngine.swift */ = {isa = PBXFileReference; lastKnownFileType = sourcecode.swift; path = AnalyticsEngine.swift; sourceTree = "<group>"; };
		D07875712EB1C18D00C75A43 /* ExportPresetManager.swift */ = {isa = PBXFileReference; lastKnownFileType = sourcecode.swift; path = ExportPresetManager.swift; sourceTree = "<group>"; };
		D07875742EB1C19C00C75A43 /* MboxFileOperations.swift */ = {isa = PBXFileReference; lastKnownFileType = sourcecode.swift; path = MboxFileOperations.swift; sourceTree = "<group>"; };
		D07875752EB1C19C00C75A43 /* TextHighlighter.swift */ = {isa = PBXFileReference; lastKnownFileType = sourcecode.swift; path = TextHighlighter.swift; sourceTree = "<group>"; };
		D07875782EB1C2F500C75A43 /* EmailComparisonView.swift */ = {isa = PBXFileReference; lastKnownFileType = sourcecode.swift; path = EmailComparisonView.swift; sourceTree = "<group>"; };
		D07875792EB1C2F500C75A43 /* ExportPresetsView.swift */ = {isa = PBXFileReference; lastKnownFileType = sourcecode.swift; path = ExportPresetsView.swift; sourceTree = "<group>"; };
		D078757C2EB1C32500C75A43 /* RegexSearchView.swift */ = {isa = PBXFileReference; lastKnownFileType = sourcecode.swift; path = RegexSearchView.swift; sourceTree = "<group>"; };
		D078757E2EB1C3DE00C75A43 /* RedactionToolView.swift */ = {isa = PBXFileReference; lastKnownFileType = sourcecode.swift; path = RedactionToolView.swift; sourceTree = "<group>"; };
		D07875802EB1C45300C75A43 /* ThemeSettingsView.swift */ = {isa = PBXFileReference; lastKnownFileType = sourcecode.swift; path = ThemeSettingsView.swift; sourceTree = "<group>"; };
		D07875822EB1C4AE00C75A43 /* DragDropModifier.swift */ = {isa = PBXFileReference; lastKnownFileType = sourcecode.swift; path = DragDropModifier.swift; sourceTree = "<group>"; };
		D07875842EB1C4C100C75A43 /* PIIRedactor.swift */ = {isa = PBXFileReference; lastKnownFileType = sourcecode.swift; path = PIIRedactor.swift; sourceTree = "<group>"; };
		D07875852EB1C4C100C75A43 /* ThemeManager.swift */ = {isa = PBXFileReference; lastKnownFileType = sourcecode.swift; path = ThemeManager.swift; sourceTree = "<group>"; };
		D07875882EB1C54C00C75A43 /* ThreeColumnLayoutView.swift */ = {isa = PBXFileReference; lastKnownFileType = sourcecode.swift; path = ThreeColumnLayoutView.swift; sourceTree = "<group>"; };
		D25730EB8C5F369113033564 /* ConversationModels.swift */ = {isa = PBXFileReference; includeInIndex = 1; lastKnownFileType = sourcecode.swift; name = ConversationModels.swift; path = "AI/Conversation/ConversationModels.swift"; sourceTree = "<group>"; };
		D5B3C2D9205F703C1F972B28 /* RelationshipMapper.swift */ = {isa = PBXFileReference; includeInIndex = 1; lastKnownFileType = sourcecode.swift; name = RelationshipMapper.swift; path = "AI/Analysis/RelationshipMapper.swift"; sourceTree = "<group>"; };
		D7B7B96F86F1ADEC6BEC7ABC /* ImageGenerationUnified.swift */ = {isa = PBXFileReference; includeInIndex = 1; lastKnownFileType = sourcecode.swift; name = ImageGenerationUnified.swift; path = AICapabilities/ImageGenerationUnified.swift; sourceTree = "<group>"; };
		MB0000020000000000000001 /* MBox_ExplorerApp.swift */ = {isa = PBXFileReference; lastKnownFileType = sourcecode.swift; path = MBox_ExplorerApp.swift; sourceTree = "<group>"; };
		MB0000040000000000000001 /* ContentView.swift */ = {isa = PBXFileReference; lastKnownFileType = sourcecode.swift; path = ContentView.swift; sourceTree = "<group>"; };
		MB0000060000000000000001 /* SidebarView.swift */ = {isa = PBXFileReference; lastKnownFileType = sourcecode.swift; path = SidebarView.swift; sourceTree = "<group>"; };
		MB0000080000000000000001 /* EmailListView.swift */ = {isa = PBXFileReference; lastKnownFileType = sourcecode.swift; path = EmailListView.swift; sourceTree = "<group>"; };
		MB0000100000000000000001 /* EmailDetailView.swift */ = {isa = PBXFileReference; lastKnownFileType = sourcecode.swift; path = EmailDetailView.swift; sourceTree = "<group>"; };
		MB0000120000000000000001 /* ExportOptionsView.swift */ = {isa = PBXFileReference; lastKnownFileType = sourcecode.swift; path = ExportOptionsView.swift; sourceTree = "<group>"; };
		MB0000140000000000000001 /* ToolbarCommands.swift */ = {isa = PBXFileReference; lastKnownFileType = sourcecode.swift; path = ToolbarCommands.swift; sourceTree = "<group>"; };
		MB0000160000000000000001 /* Email.swift */ = {isa = PBXFileReference; lastKnownFileType = sourcecode.swift; path = Email.swift; sourceTree = "<group>"; };
		MB0000180000000000000001 /* MboxParser.swift */ = {isa = PBXFileReference; lastKnownFileType = sourcecode.swift; path = MboxParser.swift; sourceTree = "<group>"; };
		MB0000200000000000000001 /* MboxViewModel.swift */ = {isa = PBXFileReference; lastKnownFileType = sourcecode.swift; path = MboxViewModel.swift; sourceTree = "<group>"; };
		MB0000220000000000000001 /* TextProcessor.swift */ = {isa = PBXFileReference; lastKnownFileType = sourcecode.swift; path = TextProcessor.swift; sourceTree = "<group>"; };
		MB0000240000000000000001 /* ExportEngine.swift */ = {isa = PBXFileReference; lastKnownFileType = sourcecode.swift; path = ExportEngine.swift; sourceTree = "<group>"; };
		MB0000260000000000000001 /* Assets.xcassets */ = {isa = PBXFileReference; lastKnownFileType = folder.assetcatalog; path = Assets.xcassets; sourceTree = "<group>"; };
		MB0000270000000000000001 /* MBox Explorer.app */ = {isa = PBXFileReference; explicitFileType = wrapper.application; includeInIndex = 0; path = "MBox Explorer.app"; sourceTree = BUILT_PRODUCTS_DIR; };
		MB0000480000000000000001 /* RecentFilesManager.swift */ = {isa = PBXFileReference; lastKnownFileType = sourcecode.swift; path = RecentFilesManager.swift; sourceTree = "<group>"; };
		MB0000500000000000000001 /* ProgressView.swift */ = {isa = PBXFileReference; lastKnownFileType = sourcecode.swift; path = ProgressView.swift; sourceTree = "<group>"; };
		MD29EAC0C1C9846AF64C0DB3 /* ModernDesign.swift */ = {isa = PBXFileReference; lastKnownFileType = sourcecode.swift; path = ModernDesign.swift; sourceTree = "<group>"; };
/* End PBXFileReference section */

/* Begin PBXFrameworksBuildPhase section */
		MB0000280000000000000001 /* Frameworks */ = {
			isa = PBXFrameworksBuildPhase;
			buildActionMask = 2147483647;
			files = (
			);
			runOnlyForDeploymentPostprocessing = 0;
		};
/* End PBXFrameworksBuildPhase section */

/* Begin PBXGroup section */
		54503A623328C982A327062B /* AI */ = {
			isa = PBXGroup;
			children = (
				3533E5F905952EC4B14E8BD9 /* VectorDatabase.swift */,
				2610D3EFB2D5D23FD826606E /* LocalLLM.swift */,
				38316534653438322D383937622D343030322D626162642D /* OllamaClient.swift */,
				36613561333466622D393563312D343432662D626339392D /* AIBackendManager.swift */,
				4CD59F1BF5CEC75B95A34CBD /* EmailSummarizer.swift */,
				9A989BC566E5181DAB386111 /* AutoTagger.swift */,
				A038E172388D07B9E7EB23ED /* Conversation */,
				56D930EA56AFE7611177F548 /* Analysis */,
				D87970D6F05B3258CDDD530B /* Intelligence */,
				F151225335B055EE327A55C3 /* Advanced */,
				ACD84A2E903D00EEA83ED620 /* Integration */,
			);
			name = AI;
			sourceTree = "<group>";
		};
		56D930EA56AFE7611177F548 /* Analysis */ = {
			isa = PBXGroup;
			children = (
				D5B3C2D9205F703C1F972B28 /* RelationshipMapper.swift */,
				7A626555D09AC8D8B0588A12 /* SentimentAnalyzer.swift */,
				408098289A40C753C412475A /* CommitmentTracker.swift */,
				747630C04E4FCF77DDE62867 /* DecisionArchaeologist.swift */,
			);
			name = Analysis;
			sourceTree = "<group>";
		};
		A038E172388D07B9E7EB23ED /* Conversation */ = {
			isa = PBXGroup;
			children = (
				D25730EB8C5F369113033564 /* ConversationModels.swift */,
				3CFA614AC3BD8853D16DB6E9 /* ConversationDatabase.swift */,
				D01A68F1AFCB3C03DB4465E1 /* ConversationManager.swift */,
				6CEE96C78F48CEB6C7304C75 /* VoiceConversation.swift */,
				33C069D93706A1E5E158C2D2 /* ConversationView.swift */,
			);
			name = Conversation;
			sourceTree = "<group>";
		};
		ACD84A2E903D00EEA83ED620 /* Integration */ = {
			isa = PBXGroup;
			children = (
				7C416248D332727979824ABF /* DraftGenerator.swift */,
				73151335A5C4EA6609FAC1C8 /* SmartForwarder.swift */,
				25ACFE0E46E831D381EB3E35 /* EmailSearchAgent.swift */,
			);
			name = Integration;
			sourceTree = "<group>";
		};
		B6AE4F6F079CBEA5FF43DBD7 /* AICapabilities */ = {
			isa = PBXGroup;
			children = (
				C694C61F87B9BA4073BA75EA /* UnifiedAICapabilities.swift */,
				D7B7B96F86F1ADEC6BEC7ABC /* ImageGenerationUnified.swift */,
				C05E899E2E16AF86CE1182DC /* VoiceUnified.swift */,
				44FADA0642D6D75AFE52040D /* AnalysisUnified.swift */,
				569BF452BCAD60FF219195F5 /* SecurityUnified.swift */,
			);
			name = AICapabilities;
			sourceTree = "<group>";
		};
		C7A270A06C6F2802B6C6D7B9 /* AI */ = {
			isa = PBXGroup;
			children = (
			);
			name = AI;
			path = "MBox Explorer/AI";
			sourceTree = "<group>";
		};
		D87970D6F05B3258CDDD530B /* Intelligence */ = {
			isa = PBXGroup;
			children = (
				6BAFBA37ED985C5CC8BF5BB8 /* DailyBriefingEngine.swift */,
				3B07F30ECCC00A122F53B06D /* SmartSuggestions.swift */,
				577366331045422A9C7E3502 /* PatternDetector.swift */,
			);
			name = Intelligence;
			sourceTree = "<group>";
		};
		F151225335B055EE327A55C3 /* Advanced */ = {
			isa = PBXGroup;
			children = (
				B6531667EE7C788EA76F5A0F /* PersonaChat.swift */,
				32B46A71F0106A905F6218BA /* TimeTravelEngine.swift */,
				6F4FE314B120E4916E4FEA7A /* HypotheticalAnalyzer.swift */,
			);
			name = Advanced;
			sourceTree = "<group>";
		};
		MB0000290000000000000001 = {
			isa = PBXGroup;
			children = (
				MB0000300000000000000001 /* MBox Explorer */,
				MB0000310000000000000001 /* Products */,
			);
			sourceTree = "<group>";
		};
		MB0000300000000000000001 /* MBox Explorer */ = {
			isa = PBXGroup;
			children = (
				MB0000020000000000000001 /* MBox_ExplorerApp.swift */,
				MB0000320000000000000001 /* Views */,
				MB0000330000000000000001 /* ViewModels */,
				MB0000340000000000000001 /* Models */,
				MB0000350000000000000001 /* Utilities */,
				MB0000360000000000000001 /* Exporters */,
				MB0000260000000000000001 /* Assets.xcassets */,
				54503A623328C982A327062B /* AI */,
				C7A270A06C6F2802B6C6D7B9 /* AI */,
				MD29EAC0C1C9846AF64C0DB3 /* ModernDesign.swift */,
				B6AE4F6F079CBEA5FF43DBD7 /* AICapabilities */,
			);
			path = "MBox Explorer";
			sourceTree = "<group>";
		};
		MB0000310000000000000001 /* Products */ = {
			isa = PBXGroup;
			children = (
				MB0000270000000000000001 /* MBox Explorer.app */,
			);
			name = Products;
			sourceTree = "<group>";
		};
		MB0000320000000000000001 /* Views */ = {
			isa = PBXGroup;
			children = (
				D07875882EB1C54C00C75A43 /* ThreeColumnLayoutView.swift */,
				D07875822EB1C4AE00C75A43 /* DragDropModifier.swift */,
				D07875802EB1C45300C75A43 /* ThemeSettingsView.swift */,
				D078757E2EB1C3DE00C75A43 /* RedactionToolView.swift */,
				D078757C2EB1C32500C75A43 /* RegexSearchView.swift */,
				D07875782EB1C2F500C75A43 /* EmailComparisonView.swift */,
				D07875792EB1C2F500C75A43 /* ExportPresetsView.swift */,
				D078756A2EB1C17800C75A43 /* AnalyticsView.swift */,
				D078756B2EB1C17800C75A43 /* MboxOperationsView.swift */,
				D078756C2EB1C17800C75A43 /* QuickOpenView.swift */,
				D078755E2EB1B9FB00C75A43 /* AttachmentsView.swift */,
				D078755F2EB1B9FB00C75A43 /* DuplicatesView.swift */,
				D07875602EB1B9FB00C75A43 /* KeyboardNavigationModifier.swift */,
				D07875612EB1B9FB00C75A43 /* SavedSearchesView.swift */,
				D004E8C22EB1AE3C00304FC0 /* SmartFiltersView.swift */,
				D004E8BE2EB1AAD300304FC0 /* ErrorDetailsView.swift */,
				D004E8BF2EB1AAD300304FC0 /* ExportPreviewView.swift */,
				MB0000040000000000000001 /* ContentView.swift */,
				MB0000060000000000000001 /* SidebarView.swift */,
				MB0000080000000000000001 /* EmailListView.swift */,
				MB0000100000000000000001 /* EmailDetailView.swift */,
				MB0000120000000000000001 /* ExportOptionsView.swift */,
				MB0000140000000000000001 /* ToolbarCommands.swift */,
				MB0000500000000000000001 /* ProgressView.swift */,
				1DA6206E86CAEFE924E9D19C /* AskView.swift */,
				31636134343139632D346639332D346239352D613261612D /* AISettingsView.swift */,
				87A17940EE91B4170B99259A /* NetworkVisualizationView.swift */,
			);
			path = Views;
			sourceTree = "<group>";
		};
		MB0000330000000000000001 /* ViewModels */ = {
			isa = PBXGroup;
			children = (
				MB0000200000000000000001 /* MboxViewModel.swift */,
			);
			path = ViewModels;
			sourceTree = "<group>";
		};
		MB0000340000000000000001 /* Models */ = {
			isa = PBXGroup;
			children = (
				D07875702EB1C18D00C75A43 /* AnalyticsEngine.swift */,
				D07875712EB1C18D00C75A43 /* ExportPresetManager.swift */,
				D07875662EB1BA0F00C75A43 /* AttachmentManager.swift */,
				D004E8C42EB1AE5100304FC0 /* SmartFilters.swift */,
				D004E8BC2EB1AA8900304FC0 /* AlertManager.swift */,
				MB0000160000000000000001 /* Email.swift */,
				MB0000180000000000000001 /* MboxParser.swift */,
			);
			path = Models;
			sourceTree = "<group>";
		};
		MB0000350000000000000001 /* Utilities */ = {
			isa = PBXGroup;
			children = (
				D07875842EB1C4C100C75A43 /* PIIRedactor.swift */,
				D07875852EB1C4C100C75A43 /* ThemeManager.swift */,
				D07875742EB1C19C00C75A43 /* MboxFileOperations.swift */,
				D07875752EB1C19C00C75A43 /* TextHighlighter.swift */,
				D07875682EB1BA1900C75A43 /* SearchHistoryManager.swift */,
				D004E8CC2EB1B4E200304FC0 /* WindowStateManager.swift */,
				MB0000220000000000000001 /* TextProcessor.swift */,
				MB0000480000000000000001 /* RecentFilesManager.swift */,
			);
			path = Utilities;
			sourceTree = "<group>";
		};
		MB0000360000000000000001 /* Exporters */ = {
			isa = PBXGroup;
			children = (
				D004E8C62EB1B4CC00304FC0 /* CSVExporter.swift */,
				D004E8C72EB1B4CC00304FC0 /* JSONExporter.swift */,
				D004E8C82EB1B4CC00304FC0 /* MarkdownExporter.swift */,
				MB0000240000000000000001 /* ExportEngine.swift */,
			);
			path = Exporters;
			sourceTree = "<group>";
		};
/* End PBXGroup section */

/* Begin PBXNativeTarget section */
		MB0000370000000000000001 /* MBox Explorer */ = {
			isa = PBXNativeTarget;
			buildConfigurationList = MB0000380000000000000001 /* Build configuration list for PBXNativeTarget "MBox Explorer" */;
			buildPhases = (
				MB0000390000000000000001 /* Sources */,
				MB0000280000000000000001 /* Frameworks */,
				MB0000400000000000000001 /* Resources */,
			);
			buildRules = (
			);
			dependencies = (
			);
			name = "MBox Explorer";
			packageProductDependencies = (
				9D34114BC0FE26AAA5C473C1 /* MLX */,
				402E7DA516D5635702279904 /* MLXNN */,
				5F831EE85EAF7172D784C0A2 /* MLXLLM */,
				E55044BCE97A1428C9C735D4 /* MLXLMCommon */,
			);
			productName = "MBox Explorer";
			productReference = MB0000270000000000000001 /* MBox Explorer.app */;
			productType = "com.apple.product-type.application";
		};
/* End PBXNativeTarget section */

/* Begin PBXProject section */
		MB0000410000000000000001 /* Project object */ = {
			isa = PBXProject;
			attributes = {
				BuildIndependentTargetsInParallel = 1;
				LastSwiftUpdateCheck = 1500;
				LastUpgradeCheck = 2600;
				TargetAttributes = {
					MB0000370000000000000001 = {
						CreatedOnToolsVersion = 15.0;
					};
				};
			};
			buildConfigurationList = MB0000420000000000000001 /* Build configuration list for PBXProject "MBox Explorer" */;
			compatibilityVersion = "Xcode 14.0";
			developmentRegion = en;
			hasScannedForEncodings = 0;
			knownRegions = (
				en,
				Base,
			);
			mainGroup = MB0000290000000000000001;
			packageReferences = (
				B56769C4D9893B4022FF6C4F /* XCRemoteSwiftPackageReference "mlx-swift" */,
				E50B584BE2238E76F0CE456C /* XCRemoteSwiftPackageReference "mlx-swift-lm" */,
			);
			productRefGroup = MB0000310000000000000001 /* Products */;
			projectDirPath = "";
			projectRoot = "";
			targets = (
				MB0000370000000000000001 /* MBox Explorer */,
			);
		};
/* End PBXProject section */

/* Begin PBXResourcesBuildPhase section */
		MB0000400000000000000001 /* Resources */ = {
			isa = PBXResourcesBuildPhase;
			buildActionMask = 2147483647;
			files = (
				MB0000250000000000000001 /* Assets.xcassets in Resources */,
			);
			runOnlyForDeploymentPostprocessing = 0;
		};
/* End PBXResourcesBuildPhase section */

/* Begin PBXSourcesBuildPhase section */
		MB0000390000000000000001 /* Sources */ = {
			isa = PBXSourcesBuildPhase;
			buildActionMask = 2147483647;
			files = (
				MB0000010000000000000001 /* MBox_ExplorerApp.swift in Sources */,
				D07875692EB1BA1900C75A43 /* SearchHistoryManager.swift in Sources */,
				MB0000030000000000000001 /* ContentView.swift in Sources */,
				D07875812EB1C45300C75A43 /* ThemeSettingsView.swift in Sources */,
				D07875722EB1C18D00C75A43 /* AnalyticsEngine.swift in Sources */,
				D078757F2EB1C3DE00C75A43 /* RedactionToolView.swift in Sources */,
				D07875732EB1C18D00C75A43 /* ExportPresetManager.swift in Sources */,
				D07875762EB1C19C00C75A43 /* TextHighlighter.swift in Sources */,
				D078757D2EB1C32500C75A43 /* RegexSearchView.swift in Sources */,
				D078757A2EB1C2F500C75A43 /* EmailComparisonView.swift in Sources */,
				D078757B2EB1C2F500C75A43 /* ExportPresetsView.swift in Sources */,
				D07875832EB1C4AE00C75A43 /* DragDropModifier.swift in Sources */,
				D07875772EB1C19C00C75A43 /* MboxFileOperations.swift in Sources */,
				D004E8BD2EB1AA8900304FC0 /* AlertManager.swift in Sources */,
				MB0000050000000000000001 /* SidebarView.swift in Sources */,
				MB0000070000000000000001 /* EmailListView.swift in Sources */,
				MB0000090000000000000001 /* EmailDetailView.swift in Sources */,
				D004E8C92EB1B4CC00304FC0 /* CSVExporter.swift in Sources */,
				D004E8CA2EB1B4CC00304FC0 /* JSONExporter.swift in Sources */,
				D004E8CB2EB1B4CC00304FC0 /* MarkdownExporter.swift in Sources */,
				MB0000110000000000000001 /* ExportOptionsView.swift in Sources */,
				D07875672EB1BA0F00C75A43 /* AttachmentManager.swift in Sources */,
				D004E8C52EB1AE5100304FC0 /* SmartFilters.swift in Sources */,
				D07875622EB1B9FB00C75A43 /* KeyboardNavigationModifier.swift in Sources */,
				D07875632EB1B9FB00C75A43 /* AttachmentsView.swift in Sources */,
				D07875642EB1B9FB00C75A43 /* SavedSearchesView.swift in Sources */,
				D07875652EB1B9FB00C75A43 /* DuplicatesView.swift in Sources */,
				D004E8CD2EB1B4E200304FC0 /* WindowStateManager.swift in Sources */,
				MB0000130000000000000001 /* ToolbarCommands.swift in Sources */,
				MB0000150000000000000001 /* Email.swift in Sources */,
				MB0000170000000000000001 /* MboxParser.swift in Sources */,
				MB0000190000000000000001 /* MboxViewModel.swift in Sources */,
				MB0000210000000000000001 /* TextProcessor.swift in Sources */,
				MB0000230000000000000001 /* ExportEngine.swift in Sources */,
				D07875892EB1C54C00C75A43 /* ThreeColumnLayoutView.swift in Sources */,
				D004E8C02EB1AAD300304FC0 /* ErrorDetailsView.swift in Sources */,
				D004E8C32EB1AE3C00304FC0 /* SmartFiltersView.swift in Sources */,
				D004E8C12EB1AAD300304FC0 /* ExportPreviewView.swift in Sources */,
				MB0000470000000000000001 /* RecentFilesManager.swift in Sources */,
				MB0000490000000000000001 /* ProgressView.swift in Sources */,
				D07875862EB1C4C100C75A43 /* PIIRedactor.swift in Sources */,
				D07875872EB1C4C100C75A43 /* ThemeManager.swift in Sources */,
				D078756D2EB1C17800C75A43 /* AnalyticsView.swift in Sources */,
				D078756E2EB1C17800C75A43 /* QuickOpenView.swift in Sources */,
				D078756F2EB1C17800C75A43 /* MboxOperationsView.swift in Sources */,
				F9C2F929F356DB18CE9FBA36 /* VectorDatabase.swift in Sources */,
				6410B4804DC11F1C4E12AF26 /* LocalLLM.swift in Sources */,
				35623238323635642D613432662D343039662D623365342D /* OllamaClient.swift in Sources */,
				36336134366232392D636337322D343030352D616562332D /* AIBackendManager.swift in Sources */,
				61396430326536392D316239382D346637352D386133342D /* AISettingsView.swift in Sources */,
				7EC7E7955FB707BAE5BA53F9 /* EmailSummarizer.swift in Sources */,
				C00B2C0479D170F97A8D05F4 /* AutoTagger.swift in Sources */,
				D8904F77CE2555AEAAD0E03C /* AskView.swift in Sources */,
				BA654320B8AE457B9A856B6A /* NetworkVisualizationView.swift in Sources */,
				BD768E39B961495776874418 /* ModernDesign.swift in Sources */,
				614E01BD25B3A78A49DAF070 /* UnifiedAICapabilities.swift in Sources */,
				1154255057D856054D457D57 /* ImageGenerationUnified.swift in Sources */,
				9D912BB0388A479C026C1802 /* VoiceUnified.swift in Sources */,
				BF708C1D81193E80840A69AA /* AnalysisUnified.swift in Sources */,
				3F172172EF7831896FC85D57 /* SecurityUnified.swift in Sources */,
				8FBC74D4C0911513AFD780F6 /* ConversationModels.swift in Sources */,
				9D789864CBC22747C3237435 /* ConversationDatabase.swift in Sources */,
				3E4788AFC7EA7101FEC886D5 /* ConversationManager.swift in Sources */,
				29A4A2C7786A5F418C391848 /* RelationshipMapper.swift in Sources */,
				E4A2C652D0EE51C645582730 /* SentimentAnalyzer.swift in Sources */,
				050AE07D9F0290A9C9B59841 /* CommitmentTracker.swift in Sources */,
				0ACC5F34C57FEAFED5D7DF30 /* DecisionArchaeologist.swift in Sources */,
				C4118143D5658F992FCC5096 /* DailyBriefingEngine.swift in Sources */,
				848B971FABD30CB498F9655A /* SmartSuggestions.swift in Sources */,
				D14768EF35BF6A052A83352A /* PatternDetector.swift in Sources */,
				12DE38BA3A71B50A678A12B3 /* PersonaChat.swift in Sources */,
				A8C1E5AF5E6FB76BE85A6A79 /* TimeTravelEngine.swift in Sources */,
				0060E523835F69E77DC40F8D /* HypotheticalAnalyzer.swift in Sources */,
				21C49790555A4EC12B1343FD /* VoiceConversation.swift in Sources */,
				DE6CF6C10136C8796C843526 /* DraftGenerator.swift in Sources */,
				3D6775E92896C02CF56EEFC2 /* SmartForwarder.swift in Sources */,
				A9149DF9944F63BE246AB2EF /* EmailSearchAgent.swift in Sources */,
				8238508A80546774B50AD050 /* ConversationView.swift in Sources */,
			);
			runOnlyForDeploymentPostprocessing = 0;
		};
/* End PBXSourcesBuildPhase section */

/* Begin XCBuildConfiguration section */
		MB0000430000000000000001 /* Debug */ = {
			isa = XCBuildConfiguration;
			buildSettings = {
				ALWAYS_SEARCH_USER_PATHS = NO;
				ASSETCATALOG_COMPILER_APPICON_NAME = AppIcon;
				ASSETCATALOG_COMPILER_GENERATE_SWIFT_ASSET_SYMBOL_EXTENSIONS = YES;
				CLANG_ANALYZER_NONNULL = YES;
				CLANG_ANALYZER_NUMBER_OBJECT_CONVERSION = YES_AGGRESSIVE;
				CLANG_CXX_LANGUAGE_STANDARD = "gnu++20";
				CLANG_ENABLE_MODULES = YES;
				CLANG_ENABLE_OBJC_ARC = YES;
				CLANG_ENABLE_OBJC_WEAK = YES;
				CLANG_WARN_BLOCK_CAPTURE_AUTORELEASING = YES;
				CLANG_WARN_BOOL_CONVERSION = YES;
				CLANG_WARN_COMMA = YES;
				CLANG_WARN_CONSTANT_CONVERSION = YES;
				CLANG_WARN_DEPRECATED_OBJC_IMPLEMENTATIONS = YES;
				CLANG_WARN_DIRECT_OBJC_ISA_USAGE = YES_ERROR;
				CLANG_WARN_DOCUMENTATION_COMMENTS = YES;
				CLANG_WARN_EMPTY_BODY = YES;
				CLANG_WARN_ENUM_CONVERSION = YES;
				CLANG_WARN_INFINITE_RECURSION = YES;
				CLANG_WARN_INT_CONVERSION = YES;
				CLANG_WARN_NON_LITERAL_NULL_CONVERSION = YES;
				CLANG_WARN_OBJC_IMPLICIT_RETAIN_SELF = YES;
				CLANG_WARN_OBJC_LITERAL_CONVERSION = YES;
				CLANG_WARN_OBJC_ROOT_CLASS = YES_ERROR;
				CLANG_WARN_QUOTED_INCLUDE_IN_FRAMEWORK_HEADER = YES;
				CLANG_WARN_RANGE_LOOP_ANALYSIS = YES;
				CLANG_WARN_STRICT_PROTOTYPES = YES;
				CLANG_WARN_SUSPICIOUS_MOVE = YES;
				CLANG_WARN_UNGUARDED_AVAILABILITY = YES_AGGRESSIVE;
				CLANG_WARN_UNREACHABLE_CODE = YES;
				CLANG_WARN__DUPLICATE_METHOD_MATCH = YES;
				COPY_PHASE_STRIP = NO;
				DEAD_CODE_STRIPPING = YES;
				DEBUG_INFORMATION_FORMAT = dwarf;
				ENABLE_STRICT_OBJC_MSGSEND = YES;
				ENABLE_TESTABILITY = YES;
				ENABLE_USER_SCRIPT_SANDBOXING = YES;
				GCC_C_LANGUAGE_STANDARD = gnu17;
				GCC_DYNAMIC_NO_PIC = NO;
				GCC_NO_COMMON_BLOCKS = YES;
				GCC_OPTIMIZATION_LEVEL = 0;
				GCC_PREPROCESSOR_DEFINITIONS = (
					"DEBUG=1",
					"$(inherited)",
				);
				GCC_WARN_64_TO_32_BIT_CONVERSION = YES;
				GCC_WARN_ABOUT_RETURN_TYPE = YES_ERROR;
				GCC_WARN_UNDECLARED_SELECTOR = YES;
				GCC_WARN_UNINITIALIZED_AUTOS = YES_AGGRESSIVE;
				GCC_WARN_UNUSED_FUNCTION = YES;
				GCC_WARN_UNUSED_VARIABLE = YES;
				LOCALIZATION_PREFERS_STRING_CATALOGS = YES;
				MACOSX_DEPLOYMENT_TARGET = 14.0;
				MTL_ENABLE_DEBUG_INFO = INCLUDE_SOURCE;
				MTL_FAST_MATH = YES;
				ONLY_ACTIVE_ARCH = YES;
				SDKROOT = macosx;
				STRING_CATALOG_GENERATE_SYMBOLS = YES;
				SWIFT_ACTIVE_COMPILATION_CONDITIONS = "DEBUG $(inherited)";
				SWIFT_OPTIMIZATION_LEVEL = "-Onone";
			};
			name = Debug;
		};
		MB0000440000000000000001 /* Release */ = {
			isa = XCBuildConfiguration;
			buildSettings = {
				ALWAYS_SEARCH_USER_PATHS = NO;
				ASSETCATALOG_COMPILER_APPICON_NAME = AppIcon;
				ASSETCATALOG_COMPILER_GENERATE_SWIFT_ASSET_SYMBOL_EXTENSIONS = YES;
				CLANG_ANALYZER_NONNULL = YES;
				CLANG_ANALYZER_NUMBER_OBJECT_CONVERSION = YES_AGGRESSIVE;
				CLANG_CXX_LANGUAGE_STANDARD = "gnu++20";
				CLANG_ENABLE_MODULES = YES;
				CLANG_ENABLE_OBJC_ARC = YES;
				CLANG_ENABLE_OBJC_WEAK = YES;
				CLANG_WARN_BLOCK_CAPTURE_AUTORELEASING = YES;
				CLANG_WARN_BOOL_CONVERSION = YES;
				CLANG_WARN_COMMA = YES;
				CLANG_WARN_CONSTANT_CONVERSION = YES;
				CLANG_WARN_DEPRECATED_OBJC_IMPLEMENTATIONS = YES;
				CLANG_WARN_DIRECT_OBJC_ISA_USAGE = YES_ERROR;
				CLANG_WARN_DOCUMENTATION_COMMENTS = YES;
				CLANG_WARN_EMPTY_BODY = YES;
				CLANG_WARN_ENUM_CONVERSION = YES;
				CLANG_WARN_INFINITE_RECURSION = YES;
				CLANG_WARN_INT_CONVERSION = YES;
				CLANG_WARN_NON_LITERAL_NULL_CONVERSION = YES;
				CLANG_WARN_OBJC_IMPLICIT_RETAIN_SELF = YES;
				CLANG_WARN_OBJC_LITERAL_CONVERSION = YES;
				CLANG_WARN_OBJC_ROOT_CLASS = YES_ERROR;
				CLANG_WARN_QUOTED_INCLUDE_IN_FRAMEWORK_HEADER = YES;
				CLANG_WARN_RANGE_LOOP_ANALYSIS = YES;
				CLANG_WARN_STRICT_PROTOTYPES = YES;
				CLANG_WARN_SUSPICIOUS_MOVE = YES;
				CLANG_WARN_UNGUARDED_AVAILABILITY = YES_AGGRESSIVE;
				CLANG_WARN_UNREACHABLE_CODE = YES;
				CLANG_WARN__DUPLICATE_METHOD_MATCH = YES;
				COPY_PHASE_STRIP = NO;
				DEAD_CODE_STRIPPING = YES;
				DEBUG_INFORMATION_FORMAT = "dwarf-with-dsym";
				ENABLE_NS_ASSERTIONS = NO;
				ENABLE_STRICT_OBJC_MSGSEND = YES;
				ENABLE_USER_SCRIPT_SANDBOXING = YES;
				GCC_C_LANGUAGE_STANDARD = gnu17;
				GCC_NO_COMMON_BLOCKS = YES;
				GCC_WARN_64_TO_32_BIT_CONVERSION = YES;
				GCC_WARN_ABOUT_RETURN_TYPE = YES_ERROR;
				GCC_WARN_UNDECLARED_SELECTOR = YES;
				GCC_WARN_UNINITIALIZED_AUTOS = YES_AGGRESSIVE;
				GCC_WARN_UNUSED_FUNCTION = YES;
				GCC_WARN_UNUSED_VARIABLE = YES;
				LOCALIZATION_PREFERS_STRING_CATALOGS = YES;
				MACOSX_DEPLOYMENT_TARGET = 14.0;
				MTL_ENABLE_DEBUG_INFO = NO;
				MTL_FAST_MATH = YES;
				ONLY_ACTIVE_ARCH = NO;
				SDKROOT = macosx;
				STRING_CATALOG_GENERATE_SYMBOLS = YES;
				SWIFT_COMPILATION_MODE = wholemodule;
			};
			name = Release;
		};
		MB0000450000000000000001 /* Debug */ = {
			isa = XCBuildConfiguration;
			buildSettings = {
				ASSETCATALOG_COMPILER_APPICON_NAME = AppIcon;
				CODE_SIGN_ENTITLEMENTS = "";
				"CODE_SIGN_IDENTITY[sdk=macosx*]" = "Apple Development";
				CODE_SIGN_STYLE = Automatic;
				COMBINE_HIDPI_IMAGES = YES;
				CURRENT_PROJECT_VERSION = 1;
				DEAD_CODE_STRIPPING = YES;
				DEVELOPMENT_TEAM = QRRCB8HB3W;
				ENABLE_HARDENED_RUNTIME = YES;
				GENERATE_INFOPLIST_FILE = YES;
				INFOPLIST_KEY_CFBundleDisplayName = "MBox Explorer";
				INFOPLIST_KEY_LSApplicationCategoryType = "public.app-category.productivity";
				INFOPLIST_KEY_NSHumanReadableCopyright = "Copyright © 2025";
				INFOPLIST_KEY_NSPrincipalClass = NSApplication;
				LD_RUNPATH_SEARCH_PATHS = (
					"$(inherited)",
					"@executable_path/../Frameworks",
				);
				MACOSX_DEPLOYMENT_TARGET = 14.0;
				MARKETING_VERSION = 1.0;
				PRODUCT_BUNDLE_IDENTIFIER = "com.digitalnoise.MBox-Explorer";
				PRODUCT_NAME = "$(TARGET_NAME)";
				SWIFT_EMIT_LOC_STRINGS = YES;
				SWIFT_VERSION = 5.0;
			};
			name = Debug;
		};
		MB0000460000000000000001 /* Release */ = {
			isa = XCBuildConfiguration;
			buildSettings = {
				ASSETCATALOG_COMPILER_APPICON_NAME = AppIcon;
				CODE_SIGN_ENTITLEMENTS = "";
				"CODE_SIGN_IDENTITY[sdk=macosx*]" = "Apple Development";
				CODE_SIGN_STYLE = Automatic;
				COMBINE_HIDPI_IMAGES = YES;
				CURRENT_PROJECT_VERSION = 1;
				DEAD_CODE_STRIPPING = YES;
				DEVELOPMENT_TEAM = QRRCB8HB3W;
				ENABLE_HARDENED_RUNTIME = YES;
				GENERATE_INFOPLIST_FILE = YES;
				INFOPLIST_KEY_CFBundleDisplayName = "MBox Explorer";
				INFOPLIST_KEY_LSApplicationCategoryType = "public.app-category.productivity";
				INFOPLIST_KEY_NSHumanReadableCopyright = "Copyright © 2025";
				INFOPLIST_KEY_NSPrincipalClass = NSApplication;
				LD_RUNPATH_SEARCH_PATHS = (
					"$(inherited)",
					"@executable_path/../Frameworks",
				);
				MACOSX_DEPLOYMENT_TARGET = 14.0;
				MARKETING_VERSION = 1.0;
				PRODUCT_BUNDLE_IDENTIFIER = "com.digitalnoise.MBox-Explorer";
				PRODUCT_NAME = "$(TARGET_NAME)";
				SWIFT_EMIT_LOC_STRINGS = YES;
				SWIFT_VERSION = 5.0;
			};
			name = Release;
		};
/* End XCBuildConfiguration section */

/* Begin XCConfigurationList section */
		MB0000380000000000000001 /* Build configuration list for PBXNativeTarget "MBox Explorer" */ = {
			isa = XCConfigurationList;
			buildConfigurations = (
				MB0000450000000000000001 /* Debug */,
				MB0000460000000000000001 /* Release */,
			);
			defaultConfigurationIsVisible = 0;
			defaultConfigurationName = Release;
		};
		MB0000420000000000000001 /* Build configuration list for PBXProject "MBox Explorer" */ = {
			isa = XCConfigurationList;
			buildConfigurations = (
				MB0000430000000000000001 /* Debug */,
				MB0000440000000000000001 /* Release */,
			);
			defaultConfigurationIsVisible = 0;
			defaultConfigurationName = Release;
		};
/* End XCConfigurationList section */

/* Begin XCRemoteSwiftPackageReference section */
		B56769C4D9893B4022FF6C4F /* XCRemoteSwiftPackageReference "mlx-swift" */ = {
			isa = XCRemoteSwiftPackageReference;
			repositoryURL = "https://github.com/ml-explore/mlx-swift";
			requirement = {
				kind = upToNextMinorVersion;
				minimumVersion = 0.30.3;
			};
		};
		E50B584BE2238E76F0CE456C /* XCRemoteSwiftPackageReference "mlx-swift-lm" */ = {
			isa = XCRemoteSwiftPackageReference;
			repositoryURL = "https://github.com/ml-explore/mlx-swift-lm";
			requirement = {
				kind = upToNextMinorVersion;
				minimumVersion = 2.30.3;
			};
		};
/* End XCRemoteSwiftPackageReference section */

/* Begin XCSwiftPackageProductDependency section */
		402E7DA516D5635702279904 /* MLXNN */ = {
			isa = XCSwiftPackageProductDependency;
			package = B56769C4D9893B4022FF6C4F /* XCRemoteSwiftPackageReference "mlx-swift" */;
			productName = MLXNN;
		};
		5F831EE85EAF7172D784C0A2 /* MLXLLM */ = {
			isa = XCSwiftPackageProductDependency;
			package = E50B584BE2238E76F0CE456C /* XCRemoteSwiftPackageReference "mlx-swift-lm" */;
			productName = MLXLLM;
		};
		9D34114BC0FE26AAA5C473C1 /* MLX */ = {
			isa = XCSwiftPackageProductDependency;
			package = B56769C4D9893B4022FF6C4F /* XCRemoteSwiftPackageReference "mlx-swift" */;
			productName = MLX;
		};
		E55044BCE97A1428C9C735D4 /* MLXLMCommon */ = {
			isa = XCSwiftPackageProductDependency;
			package = E50B584BE2238E76F0CE456C /* XCRemoteSwiftPackageReference "mlx-swift-lm" */;
			productName = MLXLMCommon;
		};
/* End XCSwiftPackageProductDependency section */
	};
	rootObject = MB0000410000000000000001 /* Project object */;
}
